
Microsoft Visual Studio Solution File, Format Version 12.00
# Visual Studio 15
VisualStudioVersion = 15.0.28307.779
MinimumVisualStudioVersion = 10.0.40219.1
Project("{FAE04EC0-301F-11D3-BF4B-00C04F79EFBC}") = "LittleClock", "LittleClock\LittleClock.csproj", "{8BF96AE2-AC78-4F8D-B073-96D88B5693EC}"
EndProject
Global
	GlobalSection(SolutionConfigurationPlatforms) = preSolution
		Debug|Any CPU = Debug|Any CPU
		Release|Any CPU = Release|Any CPU
	EndGlobalSection
	GlobalSection(ProjectConfigurationPlatforms) = postSolution
		{8BF96AE2-AC78-4F8D-B073-96D88B5693EC}.Debug|Any CPU.ActiveCfg = Debug|Any CPU
		{8BF96AE2-AC78-4F8D-B073-96D88B5693EC}.Debug|Any CPU.Build.0 = Debug|Any CPU
		{8BF96AE2-AC78-4F8D-B073-96D88B5693EC}.Release|Any CPU.ActiveCfg = Release|Any CPU
		{8BF96AE2-AC78-4F8D-B073-96D88B5693EC}.Release|Any CPU.Build.0 = Release|Any CPU
	EndGlobalSection
	GlobalSection(SolutionProperties) = preSolution
		HideSolutionNode = FALSE
	EndGlobalSection
	GlobalSection(ExtensibilityGlobals) = postSolution
		SolutionGuid = {501C1E27-C588-40D2-B450-E59CEA7FF7EE}
	EndGlobalSection
EndGlobal
