
Microsoft Visual Studio Solution File, Format Version 12.00
# Visual Studio Version 16
VisualStudioVersion = 16.0.29609.76
MinimumVisualStudioVersion = 10.0.40219.1
Project("{9A19103F-16F7-4668-BE54-9A1E7A4F7556}") = "MainParameterReturnValue", "ReturnMainValue\MainParameterReturnValue.csproj", "{59528339-874F-4FCE-B718-E42C334BCF82}"
EndProject
Project("{FAE04EC0-301F-11D3-BF4B-00C04F79EFBC}") = "testFrameworkVersion", "testFrameworkVersion\testFrameworkVersion.csproj", "{DD0DB4C6-9D46-4A75-966F-BE76C117E161}"
EndProject
Global
	GlobalSection(SolutionConfigurationPlatforms) = preSolution
		Debug|Any CPU = Debug|Any CPU
		Release|Any CPU = Release|Any CPU
	EndGlobalSection
	GlobalSection(ProjectConfigurationPlatforms) = postSolution
		{59528339-874F-4FCE-B718-E42C334BCF82}.Debug|Any CPU.ActiveCfg = Debug|Any CPU
		{59528339-874F-4FCE-B718-E42C334BCF82}.Debug|Any CPU.Build.0 = Debug|Any CPU
		{59528339-874F-4FCE-B718-E42C334BCF82}.Release|Any CPU.ActiveCfg = Release|Any CPU
		{59528339-874F-4FCE-B718-E42C334BCF82}.Release|Any CPU.Build.0 = Release|Any CPU
		{DD0DB4C6-9D46-4A75-966F-BE76C117E161}.Debug|Any CPU.ActiveCfg = Debug|Any CPU
		{DD0DB4C6-9D46-4A75-966F-BE76C117E161}.Debug|Any CPU.Build.0 = Debug|Any CPU
		{DD0DB4C6-9D46-4A75-966F-BE76C117E161}.Release|Any CPU.ActiveCfg = Release|Any CPU
		{DD0DB4C6-9D46-4A75-966F-BE76C117E161}.Release|Any CPU.Build.0 = Release|Any CPU
	EndGlobalSection
	GlobalSection(SolutionProperties) = preSolution
		HideSolutionNode = FALSE
	EndGlobalSection
	GlobalSection(ExtensibilityGlobals) = postSolution
		SolutionGuid = {14F1FB0F-417B-4BDA-905C-7F9B353D0254}
	EndGlobalSection
EndGlobal
