
Microsoft Visual Studio Solution File, Format Version 12.00
# Visual Studio 15
VisualStudioVersion = 15.0.28307.779
MinimumVisualStudioVersion = 10.0.40219.1
Project("{FAE04EC0-301F-11D3-BF4B-00C04F79EFBC}") = "CtorNonHier", "CtorNonHier\CtorNonHier.csproj", "{77D7C373-EF6A-46E2-A233-497074BBE6DA}"
EndProject
Global
	GlobalSection(SolutionConfigurationPlatforms) = preSolution
		Debug|Any CPU = Debug|Any CPU
		Release|Any CPU = Release|Any CPU
	EndGlobalSection
	GlobalSection(ProjectConfigurationPlatforms) = postSolution
		{77D7C373-EF6A-46E2-A233-497074BBE6DA}.Debug|Any CPU.ActiveCfg = Debug|Any CPU
		{77D7C373-EF6A-46E2-A233-497074BBE6DA}.Debug|Any CPU.Build.0 = Debug|Any CPU
		{77D7C373-EF6A-46E2-A233-497074BBE6DA}.Release|Any CPU.ActiveCfg = Release|Any CPU
		{77D7C373-EF6A-46E2-A233-497074BBE6DA}.Release|Any CPU.Build.0 = Release|Any CPU
	EndGlobalSection
	GlobalSection(SolutionProperties) = preSolution
		HideSolutionNode = FALSE
	EndGlobalSection
	GlobalSection(ExtensibilityGlobals) = postSolution
		SolutionGuid = {49594D92-A37F-40A8-8915-CB26F3CBFE57}
	EndGlobalSection
EndGlobal
