
Microsoft Visual Studio Solution File, Format Version 12.00
# Visual Studio Version 16
VisualStudioVersion = 16.0.29424.173
MinimumVisualStudioVersion = 10.0.40219.1
Project("{9A19103F-16F7-4668-BE54-9A1E7A4F7556}") = "成员变量初始化先于构造函数", "Learning\成员变量初始化先于构造函数.csproj", "{76E64B8A-5B05-45B3-8844-4247DD56C96A}"
EndProject
Project("{FAE04EC0-301F-11D3-BF4B-00C04F79EFBC}") = "也会继承父类的私有成员", "Learn2\也会继承父类的私有成员.csproj", "{28EEC818-9A5D-46A4-9217-FA2AE241DCBB}"
EndProject
Project("{FAE04EC0-301F-11D3-BF4B-00C04F79EFBC}") = "InterfaceLearning", "InterfaceLearning\InterfaceLearning.csproj", "{2D25ACEF-68EB-4200-B3A7-DC4F00CD039D}"
EndProject
Project("{FAE04EC0-301F-11D3-BF4B-00C04F79EFBC}") = "InterfaceIndexer", "DictionaryLearn\InterfaceIndexer.csproj", "{EE3CC82B-183F-4B9B-8B35-72CC3601B84B}"
EndProject
Project("{FAE04EC0-301F-11D3-BF4B-00C04F79EFBC}") = "StaticCtor", "StaticCtor\StaticCtor.csproj", "{2E15501E-469A-4984-BD26-E6EB69C23D1D}"
EndProject
Project("{FAE04EC0-301F-11D3-BF4B-00C04F79EFBC}") = "BoxUnbox", "BoxUnbox\BoxUnbox.csproj", "{8F83A732-EB7F-4632-99F3-875E37A43A22}"
EndProject
Project("{FAE04EC0-301F-11D3-BF4B-00C04F79EFBC}") = "StringFormate", "StringFamate\StringFormate.csproj", "{39ABBFD0-D3DF-4B0B-918E-3157174BA598}"
EndProject
Project("{FAE04EC0-301F-11D3-BF4B-00C04F79EFBC}") = "MyDelegate", "MyDelegate\MyDelegate.csproj", "{E92C38FA-2C73-4758-B7C1-92A7F0BC11BF}"
EndProject
Project("{FAE04EC0-301F-11D3-BF4B-00C04F79EFBC}") = "MyEvent", "MyEvent\MyEvent.csproj", "{B1E02113-C296-487B-A282-4B627512C30A}"
EndProject
Project("{FAE04EC0-301F-11D3-BF4B-00C04F79EFBC}") = "GenericCompare", "GenericCompare\GenericCompare.csproj", "{B9D4CC59-00D3-48CF-9D63-69D22E96CC45}"
EndProject
Project("{FAE04EC0-301F-11D3-BF4B-00C04F79EFBC}") = "Generic2", "Generic2\Generic2.csproj", "{96D8F2BB-2981-4A2E-9D2C-FF147AAC3ABD}"
EndProject
Project("{FAE04EC0-301F-11D3-BF4B-00C04F79EFBC}") = "CovariantContravariant", "CovariantContravariant\CovariantContravariant.csproj", "{BA818D11-046A-4EF4-9BFB-648023370A33}"
EndProject
Project("{FAE04EC0-301F-11D3-BF4B-00C04F79EFBC}") = "MyException", "MyException\MyException.csproj", "{9E4DEC3D-0458-4722-8F53-98C4C0E16EAD}"
EndProject
Project("{FAE04EC0-301F-11D3-BF4B-00C04F79EFBC}") = "GCollector", "GCCollector\GCollector.csproj", "{1112CEE6-7FE4-4AA7-85A0-2D1E26916987}"
EndProject
Project("{FAE04EC0-301F-11D3-BF4B-00C04F79EFBC}") = "MemoryLeak", "MemoryLeak\MemoryLeak.csproj", "{CAC010F4-8B75-4AC1-B1A5-F3B09F1E463D}"
EndProject
Project("{FAE04EC0-301F-11D3-BF4B-00C04F79EFBC}") = "MemoryLeak2", "MemoryLeak2\MemoryLeak2.csproj", "{1AD39188-C748-475D-B873-B83B1FF7A1CB}"
EndProject
Project("{FAE04EC0-301F-11D3-BF4B-00C04F79EFBC}") = "GColloctor3", "GColloctor3\GColloctor3.csproj", "{1D20B87D-E24E-4A5F-9947-A95E068B1F41}"
EndProject
Project("{FAE04EC0-301F-11D3-BF4B-00C04F79EFBC}") = "Singleton", "Singleton\Singleton.csproj", "{BBAAA135-93B2-412A-8F8B-DA6E581CF13F}"
EndProject
Project("{FAE04EC0-301F-11D3-BF4B-00C04F79EFBC}") = "涉及静态field的类的初始化", "MyTest\涉及静态field的类的初始化.csproj", "{74922A9E-A6F3-414C-8FA8-EFE172256E26}"
EndProject
Project("{FAE04EC0-301F-11D3-BF4B-00C04F79EFBC}") = "Adapterpattern", "Adapterpattern\Adapterpattern.csproj", "{E302048F-DF56-4C6E-A283-92C3E83AA6F7}"
EndProject
Global
	GlobalSection(SolutionConfigurationPlatforms) = preSolution
		Debug|Any CPU = Debug|Any CPU
		Debug|x64 = Debug|x64
		Debug|x86 = Debug|x86
		Release|Any CPU = Release|Any CPU
		Release|x64 = Release|x64
		Release|x86 = Release|x86
	EndGlobalSection
	GlobalSection(ProjectConfigurationPlatforms) = postSolution
		{76E64B8A-5B05-45B3-8844-4247DD56C96A}.Debug|Any CPU.ActiveCfg = Debug|Any CPU
		{76E64B8A-5B05-45B3-8844-4247DD56C96A}.Debug|Any CPU.Build.0 = Debug|Any CPU
		{76E64B8A-5B05-45B3-8844-4247DD56C96A}.Debug|x64.ActiveCfg = Debug|Any CPU
		{76E64B8A-5B05-45B3-8844-4247DD56C96A}.Debug|x64.Build.0 = Debug|Any CPU
		{76E64B8A-5B05-45B3-8844-4247DD56C96A}.Debug|x86.ActiveCfg = Debug|Any CPU
		{76E64B8A-5B05-45B3-8844-4247DD56C96A}.Debug|x86.Build.0 = Debug|Any CPU
		{76E64B8A-5B05-45B3-8844-4247DD56C96A}.Release|Any CPU.ActiveCfg = Release|Any CPU
		{76E64B8A-5B05-45B3-8844-4247DD56C96A}.Release|Any CPU.Build.0 = Release|Any CPU
		{76E64B8A-5B05-45B3-8844-4247DD56C96A}.Release|x64.ActiveCfg = Release|Any CPU
		{76E64B8A-5B05-45B3-8844-4247DD56C96A}.Release|x64.Build.0 = Release|Any CPU
		{76E64B8A-5B05-45B3-8844-4247DD56C96A}.Release|x86.ActiveCfg = Release|Any CPU
		{76E64B8A-5B05-45B3-8844-4247DD56C96A}.Release|x86.Build.0 = Release|Any CPU
		{28EEC818-9A5D-46A4-9217-FA2AE241DCBB}.Debug|Any CPU.ActiveCfg = Debug|Any CPU
		{28EEC818-9A5D-46A4-9217-FA2AE241DCBB}.Debug|Any CPU.Build.0 = Debug|Any CPU
		{28EEC818-9A5D-46A4-9217-FA2AE241DCBB}.Debug|x64.ActiveCfg = Debug|Any CPU
		{28EEC818-9A5D-46A4-9217-FA2AE241DCBB}.Debug|x64.Build.0 = Debug|Any CPU
		{28EEC818-9A5D-46A4-9217-FA2AE241DCBB}.Debug|x86.ActiveCfg = Debug|Any CPU
		{28EEC818-9A5D-46A4-9217-FA2AE241DCBB}.Debug|x86.Build.0 = Debug|Any CPU
		{28EEC818-9A5D-46A4-9217-FA2AE241DCBB}.Release|Any CPU.ActiveCfg = Release|Any CPU
		{28EEC818-9A5D-46A4-9217-FA2AE241DCBB}.Release|Any CPU.Build.0 = Release|Any CPU
		{28EEC818-9A5D-46A4-9217-FA2AE241DCBB}.Release|x64.ActiveCfg = Release|Any CPU
		{28EEC818-9A5D-46A4-9217-FA2AE241DCBB}.Release|x64.Build.0 = Release|Any CPU
		{28EEC818-9A5D-46A4-9217-FA2AE241DCBB}.Release|x86.ActiveCfg = Release|Any CPU
		{28EEC818-9A5D-46A4-9217-FA2AE241DCBB}.Release|x86.Build.0 = Release|Any CPU
		{2D25ACEF-68EB-4200-B3A7-DC4F00CD039D}.Debug|Any CPU.ActiveCfg = Debug|Any CPU
		{2D25ACEF-68EB-4200-B3A7-DC4F00CD039D}.Debug|Any CPU.Build.0 = Debug|Any CPU
		{2D25ACEF-68EB-4200-B3A7-DC4F00CD039D}.Debug|x64.ActiveCfg = Debug|Any CPU
		{2D25ACEF-68EB-4200-B3A7-DC4F00CD039D}.Debug|x64.Build.0 = Debug|Any CPU
		{2D25ACEF-68EB-4200-B3A7-DC4F00CD039D}.Debug|x86.ActiveCfg = Debug|Any CPU
		{2D25ACEF-68EB-4200-B3A7-DC4F00CD039D}.Debug|x86.Build.0 = Debug|Any CPU
		{2D25ACEF-68EB-4200-B3A7-DC4F00CD039D}.Release|Any CPU.ActiveCfg = Release|Any CPU
		{2D25ACEF-68EB-4200-B3A7-DC4F00CD039D}.Release|Any CPU.Build.0 = Release|Any CPU
		{2D25ACEF-68EB-4200-B3A7-DC4F00CD039D}.Release|x64.ActiveCfg = Release|Any CPU
		{2D25ACEF-68EB-4200-B3A7-DC4F00CD039D}.Release|x64.Build.0 = Release|Any CPU
		{2D25ACEF-68EB-4200-B3A7-DC4F00CD039D}.Release|x86.ActiveCfg = Release|Any CPU
		{2D25ACEF-68EB-4200-B3A7-DC4F00CD039D}.Release|x86.Build.0 = Release|Any CPU
		{EE3CC82B-183F-4B9B-8B35-72CC3601B84B}.Debug|Any CPU.ActiveCfg = Debug|Any CPU
		{EE3CC82B-183F-4B9B-8B35-72CC3601B84B}.Debug|Any CPU.Build.0 = Debug|Any CPU
		{EE3CC82B-183F-4B9B-8B35-72CC3601B84B}.Debug|x64.ActiveCfg = Debug|Any CPU
		{EE3CC82B-183F-4B9B-8B35-72CC3601B84B}.Debug|x64.Build.0 = Debug|Any CPU
		{EE3CC82B-183F-4B9B-8B35-72CC3601B84B}.Debug|x86.ActiveCfg = Debug|Any CPU
		{EE3CC82B-183F-4B9B-8B35-72CC3601B84B}.Debug|x86.Build.0 = Debug|Any CPU
		{EE3CC82B-183F-4B9B-8B35-72CC3601B84B}.Release|Any CPU.ActiveCfg = Release|Any CPU
		{EE3CC82B-183F-4B9B-8B35-72CC3601B84B}.Release|Any CPU.Build.0 = Release|Any CPU
		{EE3CC82B-183F-4B9B-8B35-72CC3601B84B}.Release|x64.ActiveCfg = Release|Any CPU
		{EE3CC82B-183F-4B9B-8B35-72CC3601B84B}.Release|x64.Build.0 = Release|Any CPU
		{EE3CC82B-183F-4B9B-8B35-72CC3601B84B}.Release|x86.ActiveCfg = Release|Any CPU
		{EE3CC82B-183F-4B9B-8B35-72CC3601B84B}.Release|x86.Build.0 = Release|Any CPU
		{2E15501E-469A-4984-BD26-E6EB69C23D1D}.Debug|Any CPU.ActiveCfg = Debug|Any CPU
		{2E15501E-469A-4984-BD26-E6EB69C23D1D}.Debug|Any CPU.Build.0 = Debug|Any CPU
		{2E15501E-469A-4984-BD26-E6EB69C23D1D}.Debug|x64.ActiveCfg = Debug|Any CPU
		{2E15501E-469A-4984-BD26-E6EB69C23D1D}.Debug|x64.Build.0 = Debug|Any CPU
		{2E15501E-469A-4984-BD26-E6EB69C23D1D}.Debug|x86.ActiveCfg = Debug|Any CPU
		{2E15501E-469A-4984-BD26-E6EB69C23D1D}.Debug|x86.Build.0 = Debug|Any CPU
		{2E15501E-469A-4984-BD26-E6EB69C23D1D}.Release|Any CPU.ActiveCfg = Release|Any CPU
		{2E15501E-469A-4984-BD26-E6EB69C23D1D}.Release|Any CPU.Build.0 = Release|Any CPU
		{2E15501E-469A-4984-BD26-E6EB69C23D1D}.Release|x64.ActiveCfg = Release|Any CPU
		{2E15501E-469A-4984-BD26-E6EB69C23D1D}.Release|x64.Build.0 = Release|Any CPU
		{2E15501E-469A-4984-BD26-E6EB69C23D1D}.Release|x86.ActiveCfg = Release|Any CPU
		{2E15501E-469A-4984-BD26-E6EB69C23D1D}.Release|x86.Build.0 = Release|Any CPU
		{8F83A732-EB7F-4632-99F3-875E37A43A22}.Debug|Any CPU.ActiveCfg = Debug|Any CPU
		{8F83A732-EB7F-4632-99F3-875E37A43A22}.Debug|Any CPU.Build.0 = Debug|Any CPU
		{8F83A732-EB7F-4632-99F3-875E37A43A22}.Debug|x64.ActiveCfg = Debug|Any CPU
		{8F83A732-EB7F-4632-99F3-875E37A43A22}.Debug|x64.Build.0 = Debug|Any CPU
		{8F83A732-EB7F-4632-99F3-875E37A43A22}.Debug|x86.ActiveCfg = Debug|Any CPU
		{8F83A732-EB7F-4632-99F3-875E37A43A22}.Debug|x86.Build.0 = Debug|Any CPU
		{8F83A732-EB7F-4632-99F3-875E37A43A22}.Release|Any CPU.ActiveCfg = Release|Any CPU
		{8F83A732-EB7F-4632-99F3-875E37A43A22}.Release|Any CPU.Build.0 = Release|Any CPU
		{8F83A732-EB7F-4632-99F3-875E37A43A22}.Release|x64.ActiveCfg = Release|Any CPU
		{8F83A732-EB7F-4632-99F3-875E37A43A22}.Release|x64.Build.0 = Release|Any CPU
		{8F83A732-EB7F-4632-99F3-875E37A43A22}.Release|x86.ActiveCfg = Release|Any CPU
		{8F83A732-EB7F-4632-99F3-875E37A43A22}.Release|x86.Build.0 = Release|Any CPU
		{39ABBFD0-D3DF-4B0B-918E-3157174BA598}.Debug|Any CPU.ActiveCfg = Debug|Any CPU
		{39ABBFD0-D3DF-4B0B-918E-3157174BA598}.Debug|Any CPU.Build.0 = Debug|Any CPU
		{39ABBFD0-D3DF-4B0B-918E-3157174BA598}.Debug|x64.ActiveCfg = Debug|Any CPU
		{39ABBFD0-D3DF-4B0B-918E-3157174BA598}.Debug|x64.Build.0 = Debug|Any CPU
		{39ABBFD0-D3DF-4B0B-918E-3157174BA598}.Debug|x86.ActiveCfg = Debug|Any CPU
		{39ABBFD0-D3DF-4B0B-918E-3157174BA598}.Debug|x86.Build.0 = Debug|Any CPU
		{39ABBFD0-D3DF-4B0B-918E-3157174BA598}.Release|Any CPU.ActiveCfg = Release|Any CPU
		{39ABBFD0-D3DF-4B0B-918E-3157174BA598}.Release|Any CPU.Build.0 = Release|Any CPU
		{39ABBFD0-D3DF-4B0B-918E-3157174BA598}.Release|x64.ActiveCfg = Release|Any CPU
		{39ABBFD0-D3DF-4B0B-918E-3157174BA598}.Release|x64.Build.0 = Release|Any CPU
		{39ABBFD0-D3DF-4B0B-918E-3157174BA598}.Release|x86.ActiveCfg = Release|Any CPU
		{39ABBFD0-D3DF-4B0B-918E-3157174BA598}.Release|x86.Build.0 = Release|Any CPU
		{E92C38FA-2C73-4758-B7C1-92A7F0BC11BF}.Debug|Any CPU.ActiveCfg = Debug|Any CPU
		{E92C38FA-2C73-4758-B7C1-92A7F0BC11BF}.Debug|Any CPU.Build.0 = Debug|Any CPU
		{E92C38FA-2C73-4758-B7C1-92A7F0BC11BF}.Debug|x64.ActiveCfg = Debug|Any CPU
		{E92C38FA-2C73-4758-B7C1-92A7F0BC11BF}.Debug|x64.Build.0 = Debug|Any CPU
		{E92C38FA-2C73-4758-B7C1-92A7F0BC11BF}.Debug|x86.ActiveCfg = Debug|Any CPU
		{E92C38FA-2C73-4758-B7C1-92A7F0BC11BF}.Debug|x86.Build.0 = Debug|Any CPU
		{E92C38FA-2C73-4758-B7C1-92A7F0BC11BF}.Release|Any CPU.ActiveCfg = Release|Any CPU
		{E92C38FA-2C73-4758-B7C1-92A7F0BC11BF}.Release|Any CPU.Build.0 = Release|Any CPU
		{E92C38FA-2C73-4758-B7C1-92A7F0BC11BF}.Release|x64.ActiveCfg = Release|Any CPU
		{E92C38FA-2C73-4758-B7C1-92A7F0BC11BF}.Release|x64.Build.0 = Release|Any CPU
		{E92C38FA-2C73-4758-B7C1-92A7F0BC11BF}.Release|x86.ActiveCfg = Release|Any CPU
		{E92C38FA-2C73-4758-B7C1-92A7F0BC11BF}.Release|x86.Build.0 = Release|Any CPU
		{B1E02113-C296-487B-A282-4B627512C30A}.Debug|Any CPU.ActiveCfg = Debug|Any CPU
		{B1E02113-C296-487B-A282-4B627512C30A}.Debug|Any CPU.Build.0 = Debug|Any CPU
		{B1E02113-C296-487B-A282-4B627512C30A}.Debug|x64.ActiveCfg = Debug|Any CPU
		{B1E02113-C296-487B-A282-4B627512C30A}.Debug|x64.Build.0 = Debug|Any CPU
		{B1E02113-C296-487B-A282-4B627512C30A}.Debug|x86.ActiveCfg = Debug|Any CPU
		{B1E02113-C296-487B-A282-4B627512C30A}.Debug|x86.Build.0 = Debug|Any CPU
		{B1E02113-C296-487B-A282-4B627512C30A}.Release|Any CPU.ActiveCfg = Release|Any CPU
		{B1E02113-C296-487B-A282-4B627512C30A}.Release|Any CPU.Build.0 = Release|Any CPU
		{B1E02113-C296-487B-A282-4B627512C30A}.Release|x64.ActiveCfg = Release|Any CPU
		{B1E02113-C296-487B-A282-4B627512C30A}.Release|x64.Build.0 = Release|Any CPU
		{B1E02113-C296-487B-A282-4B627512C30A}.Release|x86.ActiveCfg = Release|Any CPU
		{B1E02113-C296-487B-A282-4B627512C30A}.Release|x86.Build.0 = Release|Any CPU
		{B9D4CC59-00D3-48CF-9D63-69D22E96CC45}.Debug|Any CPU.ActiveCfg = Debug|Any CPU
		{B9D4CC59-00D3-48CF-9D63-69D22E96CC45}.Debug|Any CPU.Build.0 = Debug|Any CPU
		{B9D4CC59-00D3-48CF-9D63-69D22E96CC45}.Debug|x64.ActiveCfg = Debug|Any CPU
		{B9D4CC59-00D3-48CF-9D63-69D22E96CC45}.Debug|x64.Build.0 = Debug|Any CPU
		{B9D4CC59-00D3-48CF-9D63-69D22E96CC45}.Debug|x86.ActiveCfg = Debug|Any CPU
		{B9D4CC59-00D3-48CF-9D63-69D22E96CC45}.Debug|x86.Build.0 = Debug|Any CPU
		{B9D4CC59-00D3-48CF-9D63-69D22E96CC45}.Release|Any CPU.ActiveCfg = Release|Any CPU
		{B9D4CC59-00D3-48CF-9D63-69D22E96CC45}.Release|Any CPU.Build.0 = Release|Any CPU
		{B9D4CC59-00D3-48CF-9D63-69D22E96CC45}.Release|x64.ActiveCfg = Release|Any CPU
		{B9D4CC59-00D3-48CF-9D63-69D22E96CC45}.Release|x64.Build.0 = Release|Any CPU
		{B9D4CC59-00D3-48CF-9D63-69D22E96CC45}.Release|x86.ActiveCfg = Release|Any CPU
		{B9D4CC59-00D3-48CF-9D63-69D22E96CC45}.Release|x86.Build.0 = Release|Any CPU
		{96D8F2BB-2981-4A2E-9D2C-FF147AAC3ABD}.Debug|Any CPU.ActiveCfg = Debug|Any CPU
		{96D8F2BB-2981-4A2E-9D2C-FF147AAC3ABD}.Debug|Any CPU.Build.0 = Debug|Any CPU
		{96D8F2BB-2981-4A2E-9D2C-FF147AAC3ABD}.Debug|x64.ActiveCfg = Debug|Any CPU
		{96D8F2BB-2981-4A2E-9D2C-FF147AAC3ABD}.Debug|x64.Build.0 = Debug|Any CPU
		{96D8F2BB-2981-4A2E-9D2C-FF147AAC3ABD}.Debug|x86.ActiveCfg = Debug|Any CPU
		{96D8F2BB-2981-4A2E-9D2C-FF147AAC3ABD}.Debug|x86.Build.0 = Debug|Any CPU
		{96D8F2BB-2981-4A2E-9D2C-FF147AAC3ABD}.Release|Any CPU.ActiveCfg = Release|Any CPU
		{96D8F2BB-2981-4A2E-9D2C-FF147AAC3ABD}.Release|Any CPU.Build.0 = Release|Any CPU
		{96D8F2BB-2981-4A2E-9D2C-FF147AAC3ABD}.Release|x64.ActiveCfg = Release|Any CPU
		{96D8F2BB-2981-4A2E-9D2C-FF147AAC3ABD}.Release|x64.Build.0 = Release|Any CPU
		{96D8F2BB-2981-4A2E-9D2C-FF147AAC3ABD}.Release|x86.ActiveCfg = Release|Any CPU
		{96D8F2BB-2981-4A2E-9D2C-FF147AAC3ABD}.Release|x86.Build.0 = Release|Any CPU
		{BA818D11-046A-4EF4-9BFB-648023370A33}.Debug|Any CPU.ActiveCfg = Debug|Any CPU
		{BA818D11-046A-4EF4-9BFB-648023370A33}.Debug|Any CPU.Build.0 = Debug|Any CPU
		{BA818D11-046A-4EF4-9BFB-648023370A33}.Debug|x64.ActiveCfg = Debug|Any CPU
		{BA818D11-046A-4EF4-9BFB-648023370A33}.Debug|x64.Build.0 = Debug|Any CPU
		{BA818D11-046A-4EF4-9BFB-648023370A33}.Debug|x86.ActiveCfg = Debug|Any CPU
		{BA818D11-046A-4EF4-9BFB-648023370A33}.Debug|x86.Build.0 = Debug|Any CPU
		{BA818D11-046A-4EF4-9BFB-648023370A33}.Release|Any CPU.ActiveCfg = Release|Any CPU
		{BA818D11-046A-4EF4-9BFB-648023370A33}.Release|Any CPU.Build.0 = Release|Any CPU
		{BA818D11-046A-4EF4-9BFB-648023370A33}.Release|x64.ActiveCfg = Release|Any CPU
		{BA818D11-046A-4EF4-9BFB-648023370A33}.Release|x64.Build.0 = Release|Any CPU
		{BA818D11-046A-4EF4-9BFB-648023370A33}.Release|x86.ActiveCfg = Release|Any CPU
		{BA818D11-046A-4EF4-9BFB-648023370A33}.Release|x86.Build.0 = Release|Any CPU
		{9E4DEC3D-0458-4722-8F53-98C4C0E16EAD}.Debug|Any CPU.ActiveCfg = Debug|Any CPU
		{9E4DEC3D-0458-4722-8F53-98C4C0E16EAD}.Debug|Any CPU.Build.0 = Debug|Any CPU
		{9E4DEC3D-0458-4722-8F53-98C4C0E16EAD}.Debug|x64.ActiveCfg = Debug|Any CPU
		{9E4DEC3D-0458-4722-8F53-98C4C0E16EAD}.Debug|x64.Build.0 = Debug|Any CPU
		{9E4DEC3D-0458-4722-8F53-98C4C0E16EAD}.Debug|x86.ActiveCfg = Debug|Any CPU
		{9E4DEC3D-0458-4722-8F53-98C4C0E16EAD}.Debug|x86.Build.0 = Debug|Any CPU
		{9E4DEC3D-0458-4722-8F53-98C4C0E16EAD}.Release|Any CPU.ActiveCfg = Release|Any CPU
		{9E4DEC3D-0458-4722-8F53-98C4C0E16EAD}.Release|Any CPU.Build.0 = Release|Any CPU
		{9E4DEC3D-0458-4722-8F53-98C4C0E16EAD}.Release|x64.ActiveCfg = Release|Any CPU
		{9E4DEC3D-0458-4722-8F53-98C4C0E16EAD}.Release|x64.Build.0 = Release|Any CPU
		{9E4DEC3D-0458-4722-8F53-98C4C0E16EAD}.Release|x86.ActiveCfg = Release|Any CPU
		{9E4DEC3D-0458-4722-8F53-98C4C0E16EAD}.Release|x86.Build.0 = Release|Any CPU
		{1112CEE6-7FE4-4AA7-85A0-2D1E26916987}.Debug|Any CPU.ActiveCfg = Debug|Any CPU
		{1112CEE6-7FE4-4AA7-85A0-2D1E26916987}.Debug|Any CPU.Build.0 = Debug|Any CPU
		{1112CEE6-7FE4-4AA7-85A0-2D1E26916987}.Debug|x64.ActiveCfg = Debug|Any CPU
		{1112CEE6-7FE4-4AA7-85A0-2D1E26916987}.Debug|x64.Build.0 = Debug|Any CPU
		{1112CEE6-7FE4-4AA7-85A0-2D1E26916987}.Debug|x86.ActiveCfg = Debug|Any CPU
		{1112CEE6-7FE4-4AA7-85A0-2D1E26916987}.Debug|x86.Build.0 = Debug|Any CPU
		{1112CEE6-7FE4-4AA7-85A0-2D1E26916987}.Release|Any CPU.ActiveCfg = Release|Any CPU
		{1112CEE6-7FE4-4AA7-85A0-2D1E26916987}.Release|Any CPU.Build.0 = Release|Any CPU
		{1112CEE6-7FE4-4AA7-85A0-2D1E26916987}.Release|x64.ActiveCfg = Release|Any CPU
		{1112CEE6-7FE4-4AA7-85A0-2D1E26916987}.Release|x64.Build.0 = Release|Any CPU
		{1112CEE6-7FE4-4AA7-85A0-2D1E26916987}.Release|x86.ActiveCfg = Release|Any CPU
		{1112CEE6-7FE4-4AA7-85A0-2D1E26916987}.Release|x86.Build.0 = Release|Any CPU
		{CAC010F4-8B75-4AC1-B1A5-F3B09F1E463D}.Debug|Any CPU.ActiveCfg = Debug|Any CPU
		{CAC010F4-8B75-4AC1-B1A5-F3B09F1E463D}.Debug|Any CPU.Build.0 = Debug|Any CPU
		{CAC010F4-8B75-4AC1-B1A5-F3B09F1E463D}.Debug|x64.ActiveCfg = Debug|Any CPU
		{CAC010F4-8B75-4AC1-B1A5-F3B09F1E463D}.Debug|x64.Build.0 = Debug|Any CPU
		{CAC010F4-8B75-4AC1-B1A5-F3B09F1E463D}.Debug|x86.ActiveCfg = Debug|Any CPU
		{CAC010F4-8B75-4AC1-B1A5-F3B09F1E463D}.Debug|x86.Build.0 = Debug|Any CPU
		{CAC010F4-8B75-4AC1-B1A5-F3B09F1E463D}.Release|Any CPU.ActiveCfg = Release|Any CPU
		{CAC010F4-8B75-4AC1-B1A5-F3B09F1E463D}.Release|Any CPU.Build.0 = Release|Any CPU
		{CAC010F4-8B75-4AC1-B1A5-F3B09F1E463D}.Release|x64.ActiveCfg = Release|Any CPU
		{CAC010F4-8B75-4AC1-B1A5-F3B09F1E463D}.Release|x64.Build.0 = Release|Any CPU
		{CAC010F4-8B75-4AC1-B1A5-F3B09F1E463D}.Release|x86.ActiveCfg = Release|Any CPU
		{CAC010F4-8B75-4AC1-B1A5-F3B09F1E463D}.Release|x86.Build.0 = Release|Any CPU
		{1AD39188-C748-475D-B873-B83B1FF7A1CB}.Debug|Any CPU.ActiveCfg = Debug|Any CPU
		{1AD39188-C748-475D-B873-B83B1FF7A1CB}.Debug|Any CPU.Build.0 = Debug|Any CPU
		{1AD39188-C748-475D-B873-B83B1FF7A1CB}.Debug|x64.ActiveCfg = Debug|Any CPU
		{1AD39188-C748-475D-B873-B83B1FF7A1CB}.Debug|x64.Build.0 = Debug|Any CPU
		{1AD39188-C748-475D-B873-B83B1FF7A1CB}.Debug|x86.ActiveCfg = Debug|Any CPU
		{1AD39188-C748-475D-B873-B83B1FF7A1CB}.Debug|x86.Build.0 = Debug|Any CPU
		{1AD39188-C748-475D-B873-B83B1FF7A1CB}.Release|Any CPU.ActiveCfg = Release|Any CPU
		{1AD39188-C748-475D-B873-B83B1FF7A1CB}.Release|Any CPU.Build.0 = Release|Any CPU
		{1AD39188-C748-475D-B873-B83B1FF7A1CB}.Release|x64.ActiveCfg = Release|Any CPU
		{1AD39188-C748-475D-B873-B83B1FF7A1CB}.Release|x64.Build.0 = Release|Any CPU
		{1AD39188-C748-475D-B873-B83B1FF7A1CB}.Release|x86.ActiveCfg = Release|Any CPU
		{1AD39188-C748-475D-B873-B83B1FF7A1CB}.Release|x86.Build.0 = Release|Any CPU
		{1D20B87D-E24E-4A5F-9947-A95E068B1F41}.Debug|Any CPU.ActiveCfg = Debug|Any CPU
		{1D20B87D-E24E-4A5F-9947-A95E068B1F41}.Debug|Any CPU.Build.0 = Debug|Any CPU
		{1D20B87D-E24E-4A5F-9947-A95E068B1F41}.Debug|x64.ActiveCfg = Debug|Any CPU
		{1D20B87D-E24E-4A5F-9947-A95E068B1F41}.Debug|x64.Build.0 = Debug|Any CPU
		{1D20B87D-E24E-4A5F-9947-A95E068B1F41}.Debug|x86.ActiveCfg = Debug|Any CPU
		{1D20B87D-E24E-4A5F-9947-A95E068B1F41}.Debug|x86.Build.0 = Debug|Any CPU
		{1D20B87D-E24E-4A5F-9947-A95E068B1F41}.Release|Any CPU.ActiveCfg = Release|Any CPU
		{1D20B87D-E24E-4A5F-9947-A95E068B1F41}.Release|Any CPU.Build.0 = Release|Any CPU
		{1D20B87D-E24E-4A5F-9947-A95E068B1F41}.Release|x64.ActiveCfg = Release|Any CPU
		{1D20B87D-E24E-4A5F-9947-A95E068B1F41}.Release|x64.Build.0 = Release|Any CPU
		{1D20B87D-E24E-4A5F-9947-A95E068B1F41}.Release|x86.ActiveCfg = Release|Any CPU
		{1D20B87D-E24E-4A5F-9947-A95E068B1F41}.Release|x86.Build.0 = Release|Any CPU
		{BBAAA135-93B2-412A-8F8B-DA6E581CF13F}.Debug|Any CPU.ActiveCfg = Debug|Any CPU
		{BBAAA135-93B2-412A-8F8B-DA6E581CF13F}.Debug|Any CPU.Build.0 = Debug|Any CPU
		{BBAAA135-93B2-412A-8F8B-DA6E581CF13F}.Debug|x64.ActiveCfg = Debug|Any CPU
		{BBAAA135-93B2-412A-8F8B-DA6E581CF13F}.Debug|x64.Build.0 = Debug|Any CPU
		{BBAAA135-93B2-412A-8F8B-DA6E581CF13F}.Debug|x86.ActiveCfg = Debug|Any CPU
		{BBAAA135-93B2-412A-8F8B-DA6E581CF13F}.Debug|x86.Build.0 = Debug|Any CPU
		{BBAAA135-93B2-412A-8F8B-DA6E581CF13F}.Release|Any CPU.ActiveCfg = Release|Any CPU
		{BBAAA135-93B2-412A-8F8B-DA6E581CF13F}.Release|Any CPU.Build.0 = Release|Any CPU
		{BBAAA135-93B2-412A-8F8B-DA6E581CF13F}.Release|x64.ActiveCfg = Release|Any CPU
		{BBAAA135-93B2-412A-8F8B-DA6E581CF13F}.Release|x64.Build.0 = Release|Any CPU
		{BBAAA135-93B2-412A-8F8B-DA6E581CF13F}.Release|x86.ActiveCfg = Release|Any CPU
		{BBAAA135-93B2-412A-8F8B-DA6E581CF13F}.Release|x86.Build.0 = Release|Any CPU
		{74922A9E-A6F3-414C-8FA8-EFE172256E26}.Debug|Any CPU.ActiveCfg = Debug|Any CPU
		{74922A9E-A6F3-414C-8FA8-EFE172256E26}.Debug|Any CPU.Build.0 = Debug|Any CPU
		{74922A9E-A6F3-414C-8FA8-EFE172256E26}.Debug|x64.ActiveCfg = Debug|Any CPU
		{74922A9E-A6F3-414C-8FA8-EFE172256E26}.Debug|x64.Build.0 = Debug|Any CPU
		{74922A9E-A6F3-414C-8FA8-EFE172256E26}.Debug|x86.ActiveCfg = Debug|Any CPU
		{74922A9E-A6F3-414C-8FA8-EFE172256E26}.Debug|x86.Build.0 = Debug|Any CPU
		{74922A9E-A6F3-414C-8FA8-EFE172256E26}.Release|Any CPU.ActiveCfg = Release|Any CPU
		{74922A9E-A6F3-414C-8FA8-EFE172256E26}.Release|Any CPU.Build.0 = Release|Any CPU
		{74922A9E-A6F3-414C-8FA8-EFE172256E26}.Release|x64.ActiveCfg = Release|Any CPU
		{74922A9E-A6F3-414C-8FA8-EFE172256E26}.Release|x64.Build.0 = Release|Any CPU
		{74922A9E-A6F3-414C-8FA8-EFE172256E26}.Release|x86.ActiveCfg = Release|Any CPU
		{74922A9E-A6F3-414C-8FA8-EFE172256E26}.Release|x86.Build.0 = Release|Any CPU
		{E302048F-DF56-4C6E-A283-92C3E83AA6F7}.Debug|Any CPU.ActiveCfg = Debug|Any CPU
		{E302048F-DF56-4C6E-A283-92C3E83AA6F7}.Debug|Any CPU.Build.0 = Debug|Any CPU
		{E302048F-DF56-4C6E-A283-92C3E83AA6F7}.Debug|x64.ActiveCfg = Debug|Any CPU
		{E302048F-DF56-4C6E-A283-92C3E83AA6F7}.Debug|x64.Build.0 = Debug|Any CPU
		{E302048F-DF56-4C6E-A283-92C3E83AA6F7}.Debug|x86.ActiveCfg = Debug|Any CPU
		{E302048F-DF56-4C6E-A283-92C3E83AA6F7}.Debug|x86.Build.0 = Debug|Any CPU
		{E302048F-DF56-4C6E-A283-92C3E83AA6F7}.Release|Any CPU.ActiveCfg = Release|Any CPU
		{E302048F-DF56-4C6E-A283-92C3E83AA6F7}.Release|Any CPU.Build.0 = Release|Any CPU
		{E302048F-DF56-4C6E-A283-92C3E83AA6F7}.Release|x64.ActiveCfg = Release|Any CPU
		{E302048F-DF56-4C6E-A283-92C3E83AA6F7}.Release|x64.Build.0 = Release|Any CPU
		{E302048F-DF56-4C6E-A283-92C3E83AA6F7}.Release|x86.ActiveCfg = Release|Any CPU
		{E302048F-DF56-4C6E-A283-92C3E83AA6F7}.Release|x86.Build.0 = Release|Any CPU
	EndGlobalSection
	GlobalSection(SolutionProperties) = preSolution
		HideSolutionNode = FALSE
	EndGlobalSection
	GlobalSection(ExtensibilityGlobals) = postSolution
		SolutionGuid = {73CD03D2-F86E-42DC-B13C-EFA8CF9038E8}
	EndGlobalSection
EndGlobal
